// !$*UTF8*$!
{
	archiveVersion = 1;
	classes = {
	};
	objectVersion = 46;
	objects = {

/* Begin PBXBuildFile section */
		E70129111D5FA2E400888258 /* AppDelegate.swift in Sources */ = {isa = PBXBuildFile; fileRef = E70129101D5FA2E400888258 /* AppDelegate.swift */; };
		E70129171D5FA2E400888258 /* TestScene.swift in Sources */ = {isa = PBXBuildFile; fileRef = E70129161D5FA2E400888258 /* TestScene.swift */; };
		E70129191D5FA2E400888258 /* GameViewController.swift in Sources */ = {isa = PBXBuildFile; fileRef = E70129181D5FA2E400888258 /* GameViewController.swift */; };
		E701291C1D5FA2E400888258 /* Main.storyboard in Resources */ = {isa = PBXBuildFile; fileRef = E701291A1D5FA2E400888258 /* Main.storyboard */; };
		E701291E1D5FA2E400888258 /* Assets.xcassets in Resources */ = {isa = PBXBuildFile; fileRef = E701291D1D5FA2E400888258 /* Assets.xcassets */; };
		E70129211D5FA2E400888258 /* LaunchScreen.storyboard in Resources */ = {isa = PBXBuildFile; fileRef = E701291F1D5FA2E400888258 /* LaunchScreen.storyboard */; };
		E717A9581DA03D4300817285 /* GameplayKit.framework in Frameworks */ = {isa = PBXBuildFile; fileRef = E717A9571DA03D4300817285 /* GameplayKit.framework */; };
		E717A95A1DA1351B00817285 /* Event.swift in Sources */ = {isa = PBXBuildFile; fileRef = E717A9591DA1351B00817285 /* Event.swift */; };
		E717A95C1DA1356400817285 /* Transition2D.swift in Sources */ = {isa = PBXBuildFile; fileRef = E717A95B1DA1356400817285 /* Transition2D.swift */; };
		E717A95F1DA1377900817285 /* Timer.swift in Sources */ = {isa = PBXBuildFile; fileRef = E717A95E1DA1377900817285 /* Timer.swift */; };
		E717A9611DA1388E00817285 /* SystemEventRecognizer.swift in Sources */ = {isa = PBXBuildFile; fileRef = E717A9601DA1388E00817285 /* SystemEventRecognizer.swift */; };
		E717A9631DA138AA00817285 /* TimerPlayground.swift in Sources */ = {isa = PBXBuildFile; fileRef = E717A9621DA138AA00817285 /* TimerPlayground.swift */; };
		E72FA68D1DA17E47004A93BC /* MoveAnimationRunner.swift in Sources */ = {isa = PBXBuildFile; fileRef = E72FA68C1DA17E47004A93BC /* MoveAnimationRunner.swift */; };
		E76C1A081D911EF200941B4A /* Animation.swift in Sources */ = {isa = PBXBuildFile; fileRef = E76C1A071D911EF200941B4A /* Animation.swift */; };
		E76C1A0A1D911F0900941B4A /* AnimationPerformer.swift in Sources */ = {isa = PBXBuildFile; fileRef = E76C1A091D911F0900941B4A /* AnimationPerformer.swift */; };
		E76C1A0C1D91AE9E00941B4A /* Animatable.swift in Sources */ = {isa = PBXBuildFile; fileRef = E76C1A0B1D91AE9E00941B4A /* Animatable.swift */; };
		E76C1A0E1D91C36500941B4A /* AnimationPerformerInitiatedWrapper.swift in Sources */ = {isa = PBXBuildFile; fileRef = E76C1A0D1D91C36500941B4A /* AnimationPerformerInitiatedWrapper.swift */; };
		E76C1A121D91C3A600941B4A /* SKSpriteAnimatable.swift in Sources */ = {isa = PBXBuildFile; fileRef = E76C1A111D91C3A600941B4A /* SKSpriteAnimatable.swift */; };
		E76C1A151D91C43100941B4A /* Direction.swift in Sources */ = {isa = PBXBuildFile; fileRef = E76C1A141D91C43100941B4A /* Direction.swift */; };
		E76C1A171D91C45300941B4A /* DirectionQualifier.swift in Sources */ = {isa = PBXBuildFile; fileRef = E76C1A161D91C45300941B4A /* DirectionQualifier.swift */; };
		E76C1A1B1D91C4C100941B4A /* Point2D.swift in Sources */ = {isa = PBXBuildFile; fileRef = E76C1A1A1D91C4C100941B4A /* Point2D.swift */; };
		E76C1A1D1D91C55C00941B4A /* Space2DScaleFactor.swift in Sources */ = {isa = PBXBuildFile; fileRef = E76C1A1C1D91C55C00941B4A /* Space2DScaleFactor.swift */; };
		E76C1A1F1D91C58500941B4A /* DefaultDirectionQualifier.swift in Sources */ = {isa = PBXBuildFile; fileRef = E76C1A1E1D91C58500941B4A /* DefaultDirectionQualifier.swift */; };
		E76C1A211D91C6D100941B4A /* AnimationRunner.swift in Sources */ = {isa = PBXBuildFile; fileRef = E76C1A201D91C6D100941B4A /* AnimationRunner.swift */; };
		E76C1A231D91C71500941B4A /* IdleAnimationRunner.swift in Sources */ = {isa = PBXBuildFile; fileRef = E76C1A221D91C71500941B4A /* IdleAnimationRunner.swift */; };
		E76C1A251D91C77700941B4A /* WalkAnimationRunner.swift in Sources */ = {isa = PBXBuildFile; fileRef = E76C1A241D91C77700941B4A /* WalkAnimationRunner.swift */; };
		E78EECAB1D73547700057D15 /* SceneEventRecognizer.swift in Sources */ = {isa = PBXBuildFile; fileRef = E78EECAA1D73547700057D15 /* SceneEventRecognizer.swift */; };
		E78EECAD1D736AC600057D15 /* SKSceneAnimationPerformer.swift in Sources */ = {isa = PBXBuildFile; fileRef = E78EECAC1D736AC600057D15 /* SKSceneAnimationPerformer.swift */; };
		E7954AEB1D68833F0077F19A /* AnimationSheet.swift in Sources */ = {isa = PBXBuildFile; fileRef = E7954AEA1D68833F0077F19A /* AnimationSheet.swift */; };
		E79832EC1D6850AC007E9868 /* ExampleQuestScene.swift in Sources */ = {isa = PBXBuildFile; fileRef = E79832EB1D6850AC007E9868 /* ExampleQuestScene.swift */; };
		E79832EE1D6850CB007E9868 /* ExampleQuestScene.sks in Resources */ = {isa = PBXBuildFile; fileRef = E79832ED1D6850CB007E9868 /* ExampleQuestScene.sks */; };
		E79832F11D68523C007E9868 /* TextureSheet.swift in Sources */ = {isa = PBXBuildFile; fileRef = E79832F01D68523C007E9868 /* TextureSheet.swift */; };
		E79832F31D68555D007E9868 /* Ext.swift in Sources */ = {isa = PBXBuildFile; fileRef = E79832F21D68555D007E9868 /* Ext.swift */; };
		E7BB56031D67AC98003019BE /* AnimationTextureSource.swift in Sources */ = {isa = PBXBuildFile; fileRef = E7BB56021D67AC98003019BE /* AnimationTextureSource.swift */; };
		E7BB56051D67AD7C003019BE /* LoopIndex.swift in Sources */ = {isa = PBXBuildFile; fileRef = E7BB56041D67AD7C003019BE /* LoopIndex.swift */; };
		E7D3FB291D626C830049252E /* CreatorLogo.sks in Resources */ = {isa = PBXBuildFile; fileRef = E7D3FB281D626C830049252E /* CreatorLogo.sks */; };
		E7D3FB2C1D6387E10049252E /* KittyChaseScene.sks in Resources */ = {isa = PBXBuildFile; fileRef = E7D3FB2B1D6387E10049252E /* KittyChaseScene.sks */; };
		E7D3FB2E1D6387F30049252E /* KittyChaseScene.swift in Sources */ = {isa = PBXBuildFile; fileRef = E7D3FB2D1D6387F30049252E /* KittyChaseScene.swift */; };
		E7DD88041D63A6D3009B9175 /* RunningAnimationPerformer.swift in Sources */ = {isa = PBXBuildFile; fileRef = E7DD88031D63A6D3009B9175 /* RunningAnimationPerformer.swift */; };
		E7DD88061D63A75A009B9175 /* InputRhytmProcessor.swift in Sources */ = {isa = PBXBuildFile; fileRef = E7DD88051D63A75A009B9175 /* InputRhytmProcessor.swift */; };
		E7DD88091D63AB70009B9175 /* CircularBuffer.swift in Sources */ = {isa = PBXBuildFile; fileRef = E7DD88081D63AB70009B9175 /* CircularBuffer.swift */; };
		E7EB7D0D1D62459B005CBA43 /* TestScene.sks in Resources */ = {isa = PBXBuildFile; fileRef = E7EB7D0C1D62459B005CBA43 /* TestScene.sks */; };
		E7EB7D111D624923005CBA43 /* OwlActions.sks in Resources */ = {isa = PBXBuildFile; fileRef = E7EB7D101D624923005CBA43 /* OwlActions.sks */; };
/* End PBXBuildFile section */

/* Begin PBXFileReference section */
		E701290D1D5FA2E400888258 /* ExistOwlsGame.app */ = {isa = PBXFileReference; explicitFileType = wrapper.application; includeInIndex = 0; path = ExistOwlsGame.app; sourceTree = BUILT_PRODUCTS_DIR; };
		E70129101D5FA2E400888258 /* AppDelegate.swift */ = {isa = PBXFileReference; lastKnownFileType = sourcecode.swift; path = AppDelegate.swift; sourceTree = "<group>"; };
		E70129161D5FA2E400888258 /* TestScene.swift */ = {isa = PBXFileReference; lastKnownFileType = sourcecode.swift; path = TestScene.swift; sourceTree = "<group>"; };
		E70129181D5FA2E400888258 /* GameViewController.swift */ = {isa = PBXFileReference; lastKnownFileType = sourcecode.swift; path = GameViewController.swift; sourceTree = "<group>"; };
		E701291B1D5FA2E400888258 /* Base */ = {isa = PBXFileReference; lastKnownFileType = file.storyboard; name = Base; path = Base.lproj/Main.storyboard; sourceTree = "<group>"; };
		E701291D1D5FA2E400888258 /* Assets.xcassets */ = {isa = PBXFileReference; lastKnownFileType = folder.assetcatalog; path = Assets.xcassets; sourceTree = "<group>"; };
		E70129201D5FA2E400888258 /* Base */ = {isa = PBXFileReference; lastKnownFileType = file.storyboard; name = Base; path = Base.lproj/LaunchScreen.storyboard; sourceTree = "<group>"; };
		E70129221D5FA2E400888258 /* Info.plist */ = {isa = PBXFileReference; lastKnownFileType = text.plist.xml; path = Info.plist; sourceTree = "<group>"; };
		E717A9571DA03D4300817285 /* GameplayKit.framework */ = {isa = PBXFileReference; lastKnownFileType = wrapper.framework; name = GameplayKit.framework; path = System/Library/Frameworks/GameplayKit.framework; sourceTree = SDKROOT; };
		E717A9591DA1351B00817285 /* Event.swift */ = {isa = PBXFileReference; fileEncoding = 4; lastKnownFileType = sourcecode.swift; path = Event.swift; sourceTree = "<group>"; };
		E717A95B1DA1356400817285 /* Transition2D.swift */ = {isa = PBXFileReference; fileEncoding = 4; lastKnownFileType = sourcecode.swift; path = Transition2D.swift; sourceTree = "<group>"; };
		E717A95E1DA1377900817285 /* Timer.swift */ = {isa = PBXFileReference; fileEncoding = 4; lastKnownFileType = sourcecode.swift; path = Timer.swift; sourceTree = "<group>"; };
		E717A9601DA1388E00817285 /* SystemEventRecognizer.swift */ = {isa = PBXFileReference; fileEncoding = 4; lastKnownFileType = sourcecode.swift; path = SystemEventRecognizer.swift; sourceTree = "<group>"; };
		E717A9621DA138AA00817285 /* TimerPlayground.swift */ = {isa = PBXFileReference; fileEncoding = 4; lastKnownFileType = sourcecode.swift; path = TimerPlayground.swift; sourceTree = "<group>"; };
		E72FA68C1DA17E47004A93BC /* MoveAnimationRunner.swift */ = {isa = PBXFileReference; fileEncoding = 4; lastKnownFileType = sourcecode.swift; path = MoveAnimationRunner.swift; sourceTree = "<group>"; };
		E76C1A071D911EF200941B4A /* Animation.swift */ = {isa = PBXFileReference; fileEncoding = 4; lastKnownFileType = sourcecode.swift; path = Animation.swift; sourceTree = "<group>"; };
		E76C1A091D911F0900941B4A /* AnimationPerformer.swift */ = {isa = PBXFileReference; fileEncoding = 4; lastKnownFileType = sourcecode.swift; path = AnimationPerformer.swift; sourceTree = "<group>"; };
		E76C1A0B1D91AE9E00941B4A /* Animatable.swift */ = {isa = PBXFileReference; fileEncoding = 4; lastKnownFileType = sourcecode.swift; path = Animatable.swift; sourceTree = "<group>"; };
		E76C1A0D1D91C36500941B4A /* AnimationPerformerInitiatedWrapper.swift */ = {isa = PBXFileReference; fileEncoding = 4; lastKnownFileType = sourcecode.swift; path = AnimationPerformerInitiatedWrapper.swift; sourceTree = "<group>"; };
		E76C1A111D91C3A600941B4A /* SKSpriteAnimatable.swift */ = {isa = PBXFileReference; fileEncoding = 4; lastKnownFileType = sourcecode.swift; path = SKSpriteAnimatable.swift; sourceTree = "<group>"; };
		E76C1A141D91C43100941B4A /* Direction.swift */ = {isa = PBXFileReference; fileEncoding = 4; lastKnownFileType = sourcecode.swift; path = Direction.swift; sourceTree = "<group>"; };
		E76C1A161D91C45300941B4A /* DirectionQualifier.swift */ = {isa = PBXFileReference; fileEncoding = 4; lastKnownFileType = sourcecode.swift; path = DirectionQualifier.swift; sourceTree = "<group>"; };
		E76C1A1A1D91C4C100941B4A /* Point2D.swift */ = {isa = PBXFileReference; fileEncoding = 4; lastKnownFileType = sourcecode.swift; path = Point2D.swift; sourceTree = "<group>"; };
		E76C1A1C1D91C55C00941B4A /* Space2DScaleFactor.swift */ = {isa = PBXFileReference; fileEncoding = 4; lastKnownFileType = sourcecode.swift; path = Space2DScaleFactor.swift; sourceTree = "<group>"; };
		E76C1A1E1D91C58500941B4A /* DefaultDirectionQualifier.swift */ = {isa = PBXFileReference; fileEncoding = 4; lastKnownFileType = sourcecode.swift; path = DefaultDirectionQualifier.swift; sourceTree = "<group>"; };
		E76C1A201D91C6D100941B4A /* AnimationRunner.swift */ = {isa = PBXFileReference; fileEncoding = 4; lastKnownFileType = sourcecode.swift; path = AnimationRunner.swift; sourceTree = "<group>"; };
		E76C1A221D91C71500941B4A /* IdleAnimationRunner.swift */ = {isa = PBXFileReference; fileEncoding = 4; lastKnownFileType = sourcecode.swift; path = IdleAnimationRunner.swift; sourceTree = "<group>"; };
		E76C1A241D91C77700941B4A /* WalkAnimationRunner.swift */ = {isa = PBXFileReference; fileEncoding = 4; lastKnownFileType = sourcecode.swift; path = WalkAnimationRunner.swift; sourceTree = "<group>"; };
		E78EECAA1D73547700057D15 /* SceneEventRecognizer.swift */ = {isa = PBXFileReference; fileEncoding = 4; lastKnownFileType = sourcecode.swift; path = SceneEventRecognizer.swift; sourceTree = "<group>"; };
		E78EECAC1D736AC600057D15 /* SKSceneAnimationPerformer.swift */ = {isa = PBXFileReference; fileEncoding = 4; lastKnownFileType = sourcecode.swift; name = SKSceneAnimationPerformer.swift; path = Quest/SKSceneAnimationPerformer.swift; sourceTree = "<group>"; };
		E7954AEA1D68833F0077F19A /* AnimationSheet.swift */ = {isa = PBXFileReference; fileEncoding = 4; lastKnownFileType = sourcecode.swift; name = AnimationSheet.swift; path = ../Quest/AnimationSheet.swift; sourceTree = "<group>"; };
		E79832EB1D6850AC007E9868 /* ExampleQuestScene.swift */ = {isa = PBXFileReference; fileEncoding = 4; lastKnownFileType = sourcecode.swift; path = ExampleQuestScene.swift; sourceTree = "<group>"; };
		E79832ED1D6850CB007E9868 /* ExampleQuestScene.sks */ = {isa = PBXFileReference; lastKnownFileType = file.sks; path = ExampleQuestScene.sks; sourceTree = "<group>"; };
		E79832F01D68523C007E9868 /* TextureSheet.swift */ = {isa = PBXFileReference; fileEncoding = 4; lastKnownFileType = sourcecode.swift; path = TextureSheet.swift; sourceTree = "<group>"; };
		E79832F21D68555D007E9868 /* Ext.swift */ = {isa = PBXFileReference; fileEncoding = 4; lastKnownFileType = sourcecode.swift; path = Ext.swift; sourceTree = "<group>"; };
		E7BB56021D67AC98003019BE /* AnimationTextureSource.swift */ = {isa = PBXFileReference; fileEncoding = 4; lastKnownFileType = sourcecode.swift; path = AnimationTextureSource.swift; sourceTree = "<group>"; };
		E7BB56041D67AD7C003019BE /* LoopIndex.swift */ = {isa = PBXFileReference; fileEncoding = 4; lastKnownFileType = sourcecode.swift; path = LoopIndex.swift; sourceTree = "<group>"; };
		E7D3FB281D626C830049252E /* CreatorLogo.sks */ = {isa = PBXFileReference; lastKnownFileType = file.sks; path = CreatorLogo.sks; sourceTree = "<group>"; };
		E7D3FB2B1D6387E10049252E /* KittyChaseScene.sks */ = {isa = PBXFileReference; lastKnownFileType = file.sks; path = KittyChaseScene.sks; sourceTree = "<group>"; };
		E7D3FB2D1D6387F30049252E /* KittyChaseScene.swift */ = {isa = PBXFileReference; fileEncoding = 4; lastKnownFileType = sourcecode.swift; path = KittyChaseScene.swift; sourceTree = "<group>"; };
		E7DD88031D63A6D3009B9175 /* RunningAnimationPerformer.swift */ = {isa = PBXFileReference; fileEncoding = 4; lastKnownFileType = sourcecode.swift; path = RunningAnimationPerformer.swift; sourceTree = "<group>"; };
		E7DD88051D63A75A009B9175 /* InputRhytmProcessor.swift */ = {isa = PBXFileReference; fileEncoding = 4; lastKnownFileType = sourcecode.swift; path = InputRhytmProcessor.swift; sourceTree = "<group>"; };
		E7DD88081D63AB70009B9175 /* CircularBuffer.swift */ = {isa = PBXFileReference; fileEncoding = 4; lastKnownFileType = sourcecode.swift; path = CircularBuffer.swift; sourceTree = "<group>"; };
		E7EB7D0C1D62459B005CBA43 /* TestScene.sks */ = {isa = PBXFileReference; lastKnownFileType = file.sks; path = TestScene.sks; sourceTree = "<group>"; };
		E7EB7D101D624923005CBA43 /* OwlActions.sks */ = {isa = PBXFileReference; lastKnownFileType = file.sks; path = OwlActions.sks; sourceTree = "<group>"; };
/* End PBXFileReference section */

/* Begin PBXFrameworksBuildPhase section */
		E701290A1D5FA2E400888258 /* Frameworks */ = {
			isa = PBXFrameworksBuildPhase;
			buildActionMask = 2147483647;
			files = (
				E717A9581DA03D4300817285 /* GameplayKit.framework in Frameworks */,
			);
			runOnlyForDeploymentPostprocessing = 0;
		};
/* End PBXFrameworksBuildPhase section */

/* Begin PBXGroup section */
		E70129041D5FA2E400888258 = {
			isa = PBXGroup;
			children = (
				E701290F1D5FA2E400888258 /* ExistOwlsGame */,
				E701290E1D5FA2E400888258 /* Products */,
				E717A9561DA03D4200817285 /* Frameworks */,
			);
			sourceTree = "<group>";
		};
		E701290E1D5FA2E400888258 /* Products */ = {
			isa = PBXGroup;
			children = (
				E701290D1D5FA2E400888258 /* ExistOwlsGame.app */,
			);
			name = Products;
			sourceTree = "<group>";
		};
		E701290F1D5FA2E400888258 /* ExistOwlsGame */ = {
			isa = PBXGroup;
			children = (
				E717A95D1DA135AF00817285 /* Base */,
				E76C1A061D911ED700941B4A /* Animation */,
				E76AE3DE1D89D3F600A4EC92 /* Events */,
				E79832EF1D685204007E9868 /* SpriteKit */,
				E7BB56061D67B47F003019BE /* Quest */,
				E7DD88071D63AA4C009B9175 /* Core */,
				E7D3FB2A1D6387660049252E /* KittyChase */,
				E7D3FB271D626C350049252E /* CreatorLogo */,
				E70129101D5FA2E400888258 /* AppDelegate.swift */,
				E70129161D5FA2E400888258 /* TestScene.swift */,
				E7EB7D0C1D62459B005CBA43 /* TestScene.sks */,
				E7EB7D101D624923005CBA43 /* OwlActions.sks */,
				E70129181D5FA2E400888258 /* GameViewController.swift */,
				E701291A1D5FA2E400888258 /* Main.storyboard */,
				E701291D1D5FA2E400888258 /* Assets.xcassets */,
				E701291F1D5FA2E400888258 /* LaunchScreen.storyboard */,
				E70129221D5FA2E400888258 /* Info.plist */,
			);
			path = ExistOwlsGame;
			sourceTree = "<group>";
		};
		E717A9561DA03D4200817285 /* Frameworks */ = {
			isa = PBXGroup;
			children = (
				E717A9571DA03D4300817285 /* GameplayKit.framework */,
			);
			name = Frameworks;
			sourceTree = "<group>";
		};
		E717A95D1DA135AF00817285 /* Base */ = {
			isa = PBXGroup;
			children = (
				E717A95B1DA1356400817285 /* Transition2D.swift */,
				E76C1A1A1D91C4C100941B4A /* Point2D.swift */,
			);
			name = Base;
			sourceTree = "<group>";
		};
		E76AE3DE1D89D3F600A4EC92 /* Events */ = {
			isa = PBXGroup;
			children = (
				E717A9591DA1351B00817285 /* Event.swift */,
				E717A95E1DA1377900817285 /* Timer.swift */,
				E717A9601DA1388E00817285 /* SystemEventRecognizer.swift */,
				E717A9621DA138AA00817285 /* TimerPlayground.swift */,
			);
			name = Events;
			sourceTree = "<group>";
		};
		E76C1A061D911ED700941B4A /* Animation */ = {
			isa = PBXGroup;
			children = (
				E76C1A101D91C38000941B4A /* Implementation */,
				E76C1A0F1D91C37B00941B4A /* Interface */,
			);
			name = Animation;
			sourceTree = "<group>";
		};
		E76C1A0F1D91C37B00941B4A /* Interface */ = {
			isa = PBXGroup;
			children = (
				E76C1A141D91C43100941B4A /* Direction.swift */,
				E76C1A071D911EF200941B4A /* Animation.swift */,
				E76C1A091D911F0900941B4A /* AnimationPerformer.swift */,
				E76C1A0B1D91AE9E00941B4A /* Animatable.swift */,
				E76C1A161D91C45300941B4A /* DirectionQualifier.swift */,
				E76C1A1C1D91C55C00941B4A /* Space2DScaleFactor.swift */,
				E76C1A201D91C6D100941B4A /* AnimationRunner.swift */,
			);
			name = Interface;
			sourceTree = "<group>";
		};
		E76C1A101D91C38000941B4A /* Implementation */ = {
			isa = PBXGroup;
			children = (
				E76C1A131D91C3C300941B4A /* SpriteKit */,
				E76C1A0D1D91C36500941B4A /* AnimationPerformerInitiatedWrapper.swift */,
				E76C1A1E1D91C58500941B4A /* DefaultDirectionQualifier.swift */,
				E76C1A221D91C71500941B4A /* IdleAnimationRunner.swift */,
				E76C1A241D91C77700941B4A /* WalkAnimationRunner.swift */,
				E72FA68C1DA17E47004A93BC /* MoveAnimationRunner.swift */,
			);
			name = Implementation;
			sourceTree = "<group>";
		};
		E76C1A131D91C3C300941B4A /* SpriteKit */ = {
			isa = PBXGroup;
			children = (
				E76C1A111D91C3A600941B4A /* SKSpriteAnimatable.swift */,
				E78EECAC1D736AC600057D15 /* SKSceneAnimationPerformer.swift */,
			);
			name = SpriteKit;
			sourceTree = "<group>";
		};
		E79832EF1D685204007E9868 /* SpriteKit */ = {
			isa = PBXGroup;
			children = (
				E7954AEA1D68833F0077F19A /* AnimationSheet.swift */,
				E79832F01D68523C007E9868 /* TextureSheet.swift */,
			);
			path = SpriteKit;
			sourceTree = "<group>";
		};
		E7BB56061D67B47F003019BE /* Quest */ = {
			isa = PBXGroup;
			children = (
				E79832EB1D6850AC007E9868 /* ExampleQuestScene.swift */,
				E79832ED1D6850CB007E9868 /* ExampleQuestScene.sks */,
				E78EECAA1D73547700057D15 /* SceneEventRecognizer.swift */,
			);
			path = Quest;
			sourceTree = "<group>";
		};
		E7D3FB271D626C350049252E /* CreatorLogo */ = {
			isa = PBXGroup;
			children = (
				E7D3FB281D626C830049252E /* CreatorLogo.sks */,
			);
			path = CreatorLogo;
			sourceTree = "<group>";
		};
		E7D3FB2A1D6387660049252E /* KittyChase */ = {
			isa = PBXGroup;
			children = (
				E7D3FB2B1D6387E10049252E /* KittyChaseScene.sks */,
				E7D3FB2D1D6387F30049252E /* KittyChaseScene.swift */,
				E7DD88031D63A6D3009B9175 /* RunningAnimationPerformer.swift */,
				E7DD88051D63A75A009B9175 /* InputRhytmProcessor.swift */,
				E7BB56021D67AC98003019BE /* AnimationTextureSource.swift */,
			);
			path = KittyChase;
			sourceTree = "<group>";
		};
		E7DD88071D63AA4C009B9175 /* Core */ = {
			isa = PBXGroup;
			children = (
				E7DD88081D63AB70009B9175 /* CircularBuffer.swift */,
				E7BB56041D67AD7C003019BE /* LoopIndex.swift */,
				E79832F21D68555D007E9868 /* Ext.swift */,
			);
			path = Core;
			sourceTree = "<group>";
		};
/* End PBXGroup section */

/* Begin PBXNativeTarget section */
		E701290C1D5FA2E400888258 /* ExistOwlsGame */ = {
			isa = PBXNativeTarget;
			buildConfigurationList = E70129251D5FA2E400888258 /* Build configuration list for PBXNativeTarget "ExistOwlsGame" */;
			buildPhases = (
				E70129091D5FA2E400888258 /* Sources */,
				E701290A1D5FA2E400888258 /* Frameworks */,
				E701290B1D5FA2E400888258 /* Resources */,
			);
			buildRules = (
			);
			dependencies = (
			);
			name = ExistOwlsGame;
			productName = ExistOwlsGame;
			productReference = E701290D1D5FA2E400888258 /* ExistOwlsGame.app */;
			productType = "com.apple.product-type.application";
		};
/* End PBXNativeTarget section */

/* Begin PBXProject section */
		E70129051D5FA2E400888258 /* Project object */ = {
			isa = PBXProject;
			attributes = {
				LastSwiftUpdateCheck = 0800;
				LastUpgradeCheck = 0800;
				ORGANIZATIONNAME = "Victor Bryksin";
				TargetAttributes = {
					E701290C1D5FA2E400888258 = {
						CreatedOnToolsVersion = 8.0;
						DevelopmentTeam = Q9A75UDV4B;
						ProvisioningStyle = Automatic;
					};
				};
			};
			buildConfigurationList = E70129081D5FA2E400888258 /* Build configuration list for PBXProject "ExistOwlsGame" */;
			compatibilityVersion = "Xcode 3.2";
			developmentRegion = English;
			hasScannedForEncodings = 0;
			knownRegions = (
				en,
				Base,
			);
			mainGroup = E70129041D5FA2E400888258;
			productRefGroup = E701290E1D5FA2E400888258 /* Products */;
			projectDirPath = "";
			projectRoot = "";
			targets = (
				E701290C1D5FA2E400888258 /* ExistOwlsGame */,
			);
		};
/* End PBXProject section */

/* Begin PBXResourcesBuildPhase section */
		E701290B1D5FA2E400888258 /* Resources */ = {
			isa = PBXResourcesBuildPhase;
			buildActionMask = 2147483647;
			files = (
				E7EB7D111D624923005CBA43 /* OwlActions.sks in Resources */,
				E7D3FB2C1D6387E10049252E /* KittyChaseScene.sks in Resources */,
				E701291C1D5FA2E400888258 /* Main.storyboard in Resources */,
				E701291E1D5FA2E400888258 /* Assets.xcassets in Resources */,
				E7D3FB291D626C830049252E /* CreatorLogo.sks in Resources */,
				E79832EE1D6850CB007E9868 /* ExampleQuestScene.sks in Resources */,
				E7EB7D0D1D62459B005CBA43 /* TestScene.sks in Resources */,
				E70129211D5FA2E400888258 /* LaunchScreen.storyboard in Resources */,
			);
			runOnlyForDeploymentPostprocessing = 0;
		};
/* End PBXResourcesBuildPhase section */

/* Begin PBXSourcesBuildPhase section */
		E70129091D5FA2E400888258 /* Sources */ = {
			isa = PBXSourcesBuildPhase;
			buildActionMask = 2147483647;
			files = (
				E76C1A1F1D91C58500941B4A /* DefaultDirectionQualifier.swift in Sources */,
				E78EECAB1D73547700057D15 /* SceneEventRecognizer.swift in Sources */,
				E76C1A231D91C71500941B4A /* IdleAnimationRunner.swift in Sources */,
				E7BB56051D67AD7C003019BE /* LoopIndex.swift in Sources */,
				E70129171D5FA2E400888258 /* TestScene.swift in Sources */,
				E79832F11D68523C007E9868 /* TextureSheet.swift in Sources */,
				E717A95C1DA1356400817285 /* Transition2D.swift in Sources */,
				E72FA68D1DA17E47004A93BC /* MoveAnimationRunner.swift in Sources */,
				E79832EC1D6850AC007E9868 /* ExampleQuestScene.swift in Sources */,
				E7DD88091D63AB70009B9175 /* CircularBuffer.swift in Sources */,
				E70129191D5FA2E400888258 /* GameViewController.swift in Sources */,
				E76C1A1B1D91C4C100941B4A /* Point2D.swift in Sources */,
				E70129111D5FA2E400888258 /* AppDelegate.swift in Sources */,
				E78EECAD1D736AC600057D15 /* SKSceneAnimationPerformer.swift in Sources */,
				E7DD88061D63A75A009B9175 /* InputRhytmProcessor.swift in Sources */,
				E76C1A251D91C77700941B4A /* WalkAnimationRunner.swift in Sources */,
				E76C1A081D911EF200941B4A /* Animation.swift in Sources */,
				E7DD88041D63A6D3009B9175 /* RunningAnimationPerformer.swift in Sources */,
				E717A95F1DA1377900817285 /* Timer.swift in Sources */,
				E7954AEB1D68833F0077F19A /* AnimationSheet.swift in Sources */,
				E76C1A0C1D91AE9E00941B4A /* Animatable.swift in Sources */,
				E76C1A151D91C43100941B4A /* Direction.swift in Sources */,
				E717A9631DA138AA00817285 /* TimerPlayground.swift in Sources */,
				E717A9611DA1388E00817285 /* SystemEventRecognizer.swift in Sources */,
				E717A95A1DA1351B00817285 /* Event.swift in Sources */,
				E76C1A0A1D911F0900941B4A /* AnimationPerformer.swift in Sources */,
				E76C1A211D91C6D100941B4A /* AnimationRunner.swift in Sources */,
				E7BB56031D67AC98003019BE /* AnimationTextureSource.swift in Sources */,
				E7D3FB2E1D6387F30049252E /* KittyChaseScene.swift in Sources */,
				E79832F31D68555D007E9868 /* Ext.swift in Sources */,
				E76C1A1D1D91C55C00941B4A /* Space2DScaleFactor.swift in Sources */,
				E76C1A121D91C3A600941B4A /* SKSpriteAnimatable.swift in Sources */,
				E76C1A171D91C45300941B4A /* DirectionQualifier.swift in Sources */,
				E76C1A0E1D91C36500941B4A /* AnimationPerformerInitiatedWrapper.swift in Sources */,
			);
			runOnlyForDeploymentPostprocessing = 0;
		};
/* End PBXSourcesBuildPhase section */

/* Begin PBXVariantGroup section */
		E701291A1D5FA2E400888258 /* Main.storyboard */ = {
			isa = PBXVariantGroup;
			children = (
				E701291B1D5FA2E400888258 /* Base */,
			);
			name = Main.storyboard;
			sourceTree = "<group>";
		};
		E701291F1D5FA2E400888258 /* LaunchScreen.storyboard */ = {
			isa = PBXVariantGroup;
			children = (
				E70129201D5FA2E400888258 /* Base */,
			);
			name = LaunchScreen.storyboard;
			sourceTree = "<group>";
		};
/* End PBXVariantGroup section */

/* Begin XCBuildConfiguration section */
		E70129231D5FA2E400888258 /* Debug */ = {
			isa = XCBuildConfiguration;
			buildSettings = {
				ALWAYS_SEARCH_USER_PATHS = NO;
				CLANG_ANALYZER_NONNULL = YES;
				CLANG_CXX_LANGUAGE_STANDARD = "gnu++0x";
				CLANG_CXX_LIBRARY = "libc++";
				CLANG_ENABLE_MODULES = YES;
				CLANG_ENABLE_OBJC_ARC = YES;
				CLANG_WARN_BOOL_CONVERSION = YES;
				CLANG_WARN_CONSTANT_CONVERSION = YES;
				CLANG_WARN_DIRECT_OBJC_ISA_USAGE = YES_ERROR;
				CLANG_WARN_DOCUMENTATION_COMMENTS = YES;
				CLANG_WARN_EMPTY_BODY = YES;
				CLANG_WARN_ENUM_CONVERSION = YES;
				CLANG_WARN_INFINITE_RECURSION = YES;
				CLANG_WARN_INT_CONVERSION = YES;
				CLANG_WARN_OBJC_ROOT_CLASS = YES_ERROR;
				CLANG_WARN_SUSPICIOUS_MOVES = YES;
				CLANG_WARN_UNREACHABLE_CODE = YES;
				CLANG_WARN__DUPLICATE_METHOD_MATCH = YES;
				"CODE_SIGN_IDENTITY[sdk=iphoneos*]" = "iPhone Developer";
				COPY_PHASE_STRIP = NO;
				DEBUG_INFORMATION_FORMAT = dwarf;
				ENABLE_STRICT_OBJC_MSGSEND = YES;
				ENABLE_TESTABILITY = YES;
				GCC_C_LANGUAGE_STANDARD = gnu99;
				GCC_DYNAMIC_NO_PIC = NO;
				GCC_NO_COMMON_BLOCKS = YES;
				GCC_OPTIMIZATION_LEVEL = 0;
				GCC_PREPROCESSOR_DEFINITIONS = (
					"DEBUG=1",
					"$(inherited)",
				);
				GCC_WARN_64_TO_32_BIT_CONVERSION = YES;
				GCC_WARN_ABOUT_RETURN_TYPE = YES_ERROR;
				GCC_WARN_UNDECLARED_SELECTOR = YES;
				GCC_WARN_UNINITIALIZED_AUTOS = YES_AGGRESSIVE;
				GCC_WARN_UNUSED_FUNCTION = YES;
				GCC_WARN_UNUSED_VARIABLE = YES;
				IPHONEOS_DEPLOYMENT_TARGET = 10.0;
				MTL_ENABLE_DEBUG_INFO = YES;
				ONLY_ACTIVE_ARCH = YES;
				SDKROOT = iphoneos;
				SWIFT_ACTIVE_COMPILATION_CONDITIONS = DEBUG;
				SWIFT_OPTIMIZATION_LEVEL = "-Onone";
				TARGETED_DEVICE_FAMILY = "1,2";
			};
			name = Debug;
		};
		E70129241D5FA2E400888258 /* Release */ = {
			isa = XCBuildConfiguration;
			buildSettings = {
				ALWAYS_SEARCH_USER_PATHS = NO;
				CLANG_ANALYZER_NONNULL = YES;
				CLANG_CXX_LANGUAGE_STANDARD = "gnu++0x";
				CLANG_CXX_LIBRARY = "libc++";
				CLANG_ENABLE_MODULES = YES;
				CLANG_ENABLE_OBJC_ARC = YES;
				CLANG_WARN_BOOL_CONVERSION = YES;
				CLANG_WARN_CONSTANT_CONVERSION = YES;
				CLANG_WARN_DIRECT_OBJC_ISA_USAGE = YES_ERROR;
				CLANG_WARN_DOCUMENTATION_COMMENTS = YES;
				CLANG_WARN_EMPTY_BODY = YES;
				CLANG_WARN_ENUM_CONVERSION = YES;
				CLANG_WARN_INFINITE_RECURSION = YES;
				CLANG_WARN_INT_CONVERSION = YES;
				CLANG_WARN_OBJC_ROOT_CLASS = YES_ERROR;
				CLANG_WARN_SUSPICIOUS_MOVES = YES;
				CLANG_WARN_UNREACHABLE_CODE = YES;
				CLANG_WARN__DUPLICATE_METHOD_MATCH = YES;
				"CODE_SIGN_IDENTITY[sdk=iphoneos*]" = "iPhone Developer";
				COPY_PHASE_STRIP = NO;
				DEBUG_INFORMATION_FORMAT = "dwarf-with-dsym";
				ENABLE_NS_ASSERTIONS = NO;
				ENABLE_STRICT_OBJC_MSGSEND = YES;
				GCC_C_LANGUAGE_STANDARD = gnu99;
				GCC_NO_COMMON_BLOCKS = YES;
				GCC_WARN_64_TO_32_BIT_CONVERSION = YES;
				GCC_WARN_ABOUT_RETURN_TYPE = YES_ERROR;
				GCC_WARN_UNDECLARED_SELECTOR = YES;
				GCC_WARN_UNINITIALIZED_AUTOS = YES_AGGRESSIVE;
				GCC_WARN_UNUSED_FUNCTION = YES;
				GCC_WARN_UNUSED_VARIABLE = YES;
				IPHONEOS_DEPLOYMENT_TARGET = 10.0;
				MTL_ENABLE_DEBUG_INFO = NO;
				SDKROOT = iphoneos;
				SWIFT_OPTIMIZATION_LEVEL = "-Owholemodule";
				TARGETED_DEVICE_FAMILY = "1,2";
				VALIDATE_PRODUCT = YES;
			};
			name = Release;
		};
		E70129261D5FA2E400888258 /* Debug */ = {
			isa = XCBuildConfiguration;
			buildSettings = {
				ASSETCATALOG_COMPILER_APPICON_NAME = AppIcon;
				DEVELOPMENT_TEAM = Q9A75UDV4B;
				INFOPLIST_FILE = ExistOwlsGame/Info.plist;
				LD_RUNPATH_SEARCH_PATHS = "$(inherited) @executable_path/Frameworks";
				PRODUCT_BUNDLE_IDENTIFIER = ru.virtualmind.ExistOwlsGame;
				PRODUCT_NAME = "$(TARGET_NAME)";
				SWIFT_VERSION = 3.0;
			};
			name = Debug;
		};
		E70129271D5FA2E400888258 /* Release */ = {
			isa = XCBuildConfiguration;
			buildSettings = {
				ASSETCATALOG_COMPILER_APPICON_NAME = AppIcon;
				DEVELOPMENT_TEAM = Q9A75UDV4B;
				INFOPLIST_FILE = ExistOwlsGame/Info.plist;
				LD_RUNPATH_SEARCH_PATHS = "$(inherited) @executable_path/Frameworks";
				PRODUCT_BUNDLE_IDENTIFIER = ru.virtualmind.ExistOwlsGame;
				PRODUCT_NAME = "$(TARGET_NAME)";
				SWIFT_VERSION = 3.0;
			};
			name = Release;
		};
/* End XCBuildConfiguration section */

/* Begin XCConfigurationList section */
		E70129081D5FA2E400888258 /* Build configuration list for PBXProject "ExistOwlsGame" */ = {
			isa = XCConfigurationList;
			buildConfigurations = (
				E70129231D5FA2E400888258 /* Debug */,
				E70129241D5FA2E400888258 /* Release */,
			);
			defaultConfigurationIsVisible = 0;
			defaultConfigurationName = Release;
		};
		E70129251D5FA2E400888258 /* Build configuration list for PBXNativeTarget "ExistOwlsGame" */ = {
			isa = XCConfigurationList;
			buildConfigurations = (
				E70129261D5FA2E400888258 /* Debug */,
				E70129271D5FA2E400888258 /* Release */,
			);
			defaultConfigurationIsVisible = 0;
			defaultConfigurationName = Release;
		};
/* End XCConfigurationList section */
	};
	rootObject = E70129051D5FA2E400888258 /* Project object */;
}
